// !$*UTF8*$!
{
	archiveVersion = 1;
	classes = {
	};
	objectVersion = 46;
	objects = {

/* Begin PBXBuildFile section */
		2E9F2DF17A879281D412F252 /* libPods-CatHunt.a in Frameworks */ = {isa = PBXBuildFile; fileRef = 672D937C47CB290A23D63C27 /* libPods-CatHunt.a */; };
		CB0682F31A5D89F600AFFC21 /* CHSearchTweetsDataSource.m in Sources */ = {isa = PBXBuildFile; fileRef = CB0682F21A5D89F600AFFC21 /* CHSearchTweetsDataSource.m */; };
		CB43F9C41A5C483500ECDDF9 /* CHTwitterAccountStore.m in Sources */ = {isa = PBXBuildFile; fileRef = CB43F9C31A5C483500ECDDF9 /* CHTwitterAccountStore.m */; };
		CB43F9C61A5C48E100ECDDF9 /* Accounts.framework in Frameworks */ = {isa = PBXBuildFile; fileRef = CB43F9C51A5C48E100ECDDF9 /* Accounts.framework */; };
		CB43F9D21A5C590600ECDDF9 /* NSMutableDictionary+CHTwitterAPIParameters.m in Sources */ = {isa = PBXBuildFile; fileRef = CB43F9D11A5C590600ECDDF9 /* NSMutableDictionary+CHTwitterAPIParameters.m */; };
		CB43F9D71A5D597500ECDDF9 /* CHPhotoCollectionViewController.m in Sources */ = {isa = PBXBuildFile; fileRef = CB43F9D61A5D597500ECDDF9 /* CHPhotoCollectionViewController.m */; };
		CB43F9DA1A5D5FE800ECDDF9 /* CHTweetModel.m in Sources */ = {isa = PBXBuildFile; fileRef = CB43F9D91A5D5FE800ECDDF9 /* CHTweetModel.m */; };
		CB43F9DD1A5D658F00ECDDF9 /* CHEntitiesModel.m in Sources */ = {isa = PBXBuildFile; fileRef = CB43F9DC1A5D658F00ECDDF9 /* CHEntitiesModel.m */; };
		CB43F9E01A5D7DC000ECDDF9 /* CHMediaModel.m in Sources */ = {isa = PBXBuildFile; fileRef = CB43F9DF1A5D7DC000ECDDF9 /* CHMediaModel.m */; };
		CB43F9E31A5D7F2700ECDDF9 /* CHSizesModel.m in Sources */ = {isa = PBXBuildFile; fileRef = CB43F9E21A5D7F2700ECDDF9 /* CHSizesModel.m */; };
		CB43F9E61A5D808100ECDDF9 /* CHSizeModel.m in Sources */ = {isa = PBXBuildFile; fileRef = CB43F9E51A5D808100ECDDF9 /* CHSizeModel.m */; };
		CB749F5D1A5DA8E1007FFF61 /* CHPhotoCollectionViewCell.m in Sources */ = {isa = PBXBuildFile; fileRef = CB749F5C1A5DA8E1007FFF61 /* CHPhotoCollectionViewCell.m */; };
		CBD782B81A5C379800595915 /* main.m in Sources */ = {isa = PBXBuildFile; fileRef = CBD782B71A5C379800595915 /* main.m */; };
		CBD782BB1A5C379800595915 /* AppDelegate.m in Sources */ = {isa = PBXBuildFile; fileRef = CBD782BA1A5C379800595915 /* AppDelegate.m */; };
		CBD782C11A5C379800595915 /* Main.storyboard in Resources */ = {isa = PBXBuildFile; fileRef = CBD782BF1A5C379800595915 /* Main.storyboard */; };
		CBD782C31A5C379800595915 /* Images.xcassets in Resources */ = {isa = PBXBuildFile; fileRef = CBD782C21A5C379800595915 /* Images.xcassets */; };
		CBD782C61A5C379800595915 /* LaunchScreen.xib in Resources */ = {isa = PBXBuildFile; fileRef = CBD782C41A5C379800595915 /* LaunchScreen.xib */; };
		CBD782D21A5C379900595915 /* CatHuntTests.m in Sources */ = {isa = PBXBuildFile; fileRef = CBD782D11A5C379900595915 /* CatHuntTests.m */; };
		CBD782DC1A5C41FA00595915 /* Social.framework in Frameworks */ = {isa = PBXBuildFile; fileRef = CBD782DB1A5C41FA00595915 /* Social.framework */; };
		CBD782DF1A5C424700595915 /* CHTwitterAPIClient.m in Sources */ = {isa = PBXBuildFile; fileRef = CBD782DE1A5C424700595915 /* CHTwitterAPIClient.m */; };
/* End PBXBuildFile section */

/* Begin PBXContainerItemProxy section */
		CBD782CC1A5C379900595915 /* PBXContainerItemProxy */ = {
			isa = PBXContainerItemProxy;
			containerPortal = CBD782AA1A5C379800595915 /* Project object */;
			proxyType = 1;
			remoteGlobalIDString = CBD782B11A5C379800595915;
			remoteInfo = CatHunt;
		};
/* End PBXContainerItemProxy section */

/* Begin PBXFileReference section */
		4E1ACDBE7B3E936C20C3DA4B /* Pods-CatHunt.release.xcconfig */ = {isa = PBXFileReference; includeInIndex = 1; lastKnownFileType = text.xcconfig; name = "Pods-CatHunt.release.xcconfig"; path = "Pods/Target Support Files/Pods-CatHunt/Pods-CatHunt.release.xcconfig"; sourceTree = "<group>"; };
		672D937C47CB290A23D63C27 /* libPods-CatHunt.a */ = {isa = PBXFileReference; explicitFileType = archive.ar; includeInIndex = 0; path = "libPods-CatHunt.a"; sourceTree = BUILT_PRODUCTS_DIR; };
		8F451B04806C971D2EE75149 /* Pods-CatHunt.debug.xcconfig */ = {isa = PBXFileReference; includeInIndex = 1; lastKnownFileType = text.xcconfig; name = "Pods-CatHunt.debug.xcconfig"; path = "Pods/Target Support Files/Pods-CatHunt/Pods-CatHunt.debug.xcconfig"; sourceTree = "<group>"; };
		CB0682F11A5D89F600AFFC21 /* CHSearchTweetsDataSource.h */ = {isa = PBXFileReference; fileEncoding = 4; lastKnownFileType = sourcecode.c.h; name = CHSearchTweetsDataSource.h; path = DataSources/CHSearchTweetsDataSource.h; sourceTree = "<group>"; };
		CB0682F21A5D89F600AFFC21 /* CHSearchTweetsDataSource.m */ = {isa = PBXFileReference; fileEncoding = 4; lastKnownFileType = sourcecode.c.objc; name = CHSearchTweetsDataSource.m; path = DataSources/CHSearchTweetsDataSource.m; sourceTree = "<group>"; };
		CB43F9C21A5C483500ECDDF9 /* CHTwitterAccountStore.h */ = {isa = PBXFileReference; fileEncoding = 4; lastKnownFileType = sourcecode.c.h; name = CHTwitterAccountStore.h; path = Utilities/CHTwitterAccountStore.h; sourceTree = "<group>"; };
		CB43F9C31A5C483500ECDDF9 /* CHTwitterAccountStore.m */ = {isa = PBXFileReference; fileEncoding = 4; lastKnownFileType = sourcecode.c.objc; name = CHTwitterAccountStore.m; path = Utilities/CHTwitterAccountStore.m; sourceTree = "<group>"; };
		CB43F9C51A5C48E100ECDDF9 /* Accounts.framework */ = {isa = PBXFileReference; lastKnownFileType = wrapper.framework; name = Accounts.framework; path = System/Library/Frameworks/Accounts.framework; sourceTree = SDKROOT; };
		CB43F9D01A5C590600ECDDF9 /* NSMutableDictionary+CHTwitterAPIParameters.h */ = {isa = PBXFileReference; fileEncoding = 4; lastKnownFileType = sourcecode.c.h; name = "NSMutableDictionary+CHTwitterAPIParameters.h"; path = "Utilities/NSMutableDictionary+CHTwitterAPIParameters.h"; sourceTree = "<group>"; };
		CB43F9D11A5C590600ECDDF9 /* NSMutableDictionary+CHTwitterAPIParameters.m */ = {isa = PBXFileReference; fileEncoding = 4; lastKnownFileType = sourcecode.c.objc; name = "NSMutableDictionary+CHTwitterAPIParameters.m"; path = "Utilities/NSMutableDictionary+CHTwitterAPIParameters.m"; sourceTree = "<group>"; };
		CB43F9D51A5D597500ECDDF9 /* CHPhotoCollectionViewController.h */ = {isa = PBXFileReference; fileEncoding = 4; lastKnownFileType = sourcecode.c.h; name = CHPhotoCollectionViewController.h; path = ViewControllers/CHPhotoCollectionViewController.h; sourceTree = "<group>"; };
		CB43F9D61A5D597500ECDDF9 /* CHPhotoCollectionViewController.m */ = {isa = PBXFileReference; fileEncoding = 4; lastKnownFileType = sourcecode.c.objc; name = CHPhotoCollectionViewController.m; path = ViewControllers/CHPhotoCollectionViewController.m; sourceTree = "<group>"; };
		CB43F9D81A5D5FE800ECDDF9 /* CHTweetModel.h */ = {isa = PBXFileReference; fileEncoding = 4; lastKnownFileType = sourcecode.c.h; name = CHTweetModel.h; path = Models/CHTweetModel.h; sourceTree = "<group>"; };
		CB43F9D91A5D5FE800ECDDF9 /* CHTweetModel.m */ = {isa = PBXFileReference; fileEncoding = 4; lastKnownFileType = sourcecode.c.objc; name = CHTweetModel.m; path = Models/CHTweetModel.m; sourceTree = "<group>"; };
		CB43F9DB1A5D658F00ECDDF9 /* CHEntitiesModel.h */ = {isa = PBXFileReference; fileEncoding = 4; lastKnownFileType = sourcecode.c.h; name = CHEntitiesModel.h; path = Models/CHEntitiesModel.h; sourceTree = "<group>"; };
		CB43F9DC1A5D658F00ECDDF9 /* CHEntitiesModel.m */ = {isa = PBXFileReference; fileEncoding = 4; lastKnownFileType = sourcecode.c.objc; name = CHEntitiesModel.m; path = Models/CHEntitiesModel.m; sourceTree = "<group>"; };
		CB43F9DE1A5D7DC000ECDDF9 /* CHMediaModel.h */ = {isa = PBXFileReference; fileEncoding = 4; lastKnownFileType = sourcecode.c.h; name = CHMediaModel.h; path = Models/CHMediaModel.h; sourceTree = "<group>"; };
		CB43F9DF1A5D7DC000ECDDF9 /* CHMediaModel.m */ = {isa = PBXFileReference; fileEncoding = 4; lastKnownFileType = sourcecode.c.objc; name = CHMediaModel.m; path = Models/CHMediaModel.m; sourceTree = "<group>"; };
		CB43F9E11A5D7F2700ECDDF9 /* CHSizesModel.h */ = {isa = PBXFileReference; fileEncoding = 4; lastKnownFileType = sourcecode.c.h; name = CHSizesModel.h; path = Models/CHSizesModel.h; sourceTree = "<group>"; };
		CB43F9E21A5D7F2700ECDDF9 /* CHSizesModel.m */ = {isa = PBXFileReference; fileEncoding = 4; lastKnownFileType = sourcecode.c.objc; name = CHSizesModel.m; path = Models/CHSizesModel.m; sourceTree = "<group>"; };
		CB43F9E41A5D808100ECDDF9 /* CHSizeModel.h */ = {isa = PBXFileReference; fileEncoding = 4; lastKnownFileType = sourcecode.c.h; name = CHSizeModel.h; path = Models/CHSizeModel.h; sourceTree = "<group>"; };
		CB43F9E51A5D808100ECDDF9 /* CHSizeModel.m */ = {isa = PBXFileReference; fileEncoding = 4; lastKnownFileType = sourcecode.c.objc; name = CHSizeModel.m; path = Models/CHSizeModel.m; sourceTree = "<group>"; };
		CB749F5B1A5DA8E1007FFF61 /* CHPhotoCollectionViewCell.h */ = {isa = PBXFileReference; fileEncoding = 4; lastKnownFileType = sourcecode.c.h; name = CHPhotoCollectionViewCell.h; path = Views/CHPhotoCollectionViewCell.h; sourceTree = "<group>"; };
		CB749F5C1A5DA8E1007FFF61 /* CHPhotoCollectionViewCell.m */ = {isa = PBXFileReference; fileEncoding = 4; lastKnownFileType = sourcecode.c.objc; name = CHPhotoCollectionViewCell.m; path = Views/CHPhotoCollectionViewCell.m; sourceTree = "<group>"; };
		CBD782B21A5C379800595915 /* CatHunt.app */ = {isa = PBXFileReference; explicitFileType = wrapper.application; includeInIndex = 0; path = CatHunt.app; sourceTree = BUILT_PRODUCTS_DIR; };
		CBD782B61A5C379800595915 /* Info.plist */ = {isa = PBXFileReference; lastKnownFileType = text.plist.xml; path = Info.plist; sourceTree = "<group>"; };
		CBD782B71A5C379800595915 /* main.m */ = {isa = PBXFileReference; lastKnownFileType = sourcecode.c.objc; path = main.m; sourceTree = "<group>"; };
		CBD782B91A5C379800595915 /* AppDelegate.h */ = {isa = PBXFileReference; lastKnownFileType = sourcecode.c.h; path = AppDelegate.h; sourceTree = "<group>"; };
		CBD782BA1A5C379800595915 /* AppDelegate.m */ = {isa = PBXFileReference; lastKnownFileType = sourcecode.c.objc; path = AppDelegate.m; sourceTree = "<group>"; };
		CBD782C01A5C379800595915 /* Base */ = {isa = PBXFileReference; lastKnownFileType = file.storyboard; name = Base; path = Base.lproj/Main.storyboard; sourceTree = "<group>"; };
		CBD782C21A5C379800595915 /* Images.xcassets */ = {isa = PBXFileReference; lastKnownFileType = folder.assetcatalog; path = Images.xcassets; sourceTree = "<group>"; };
		CBD782C51A5C379800595915 /* Base */ = {isa = PBXFileReference; lastKnownFileType = file.xib; name = Base; path = Base.lproj/LaunchScreen.xib; sourceTree = "<group>"; };
		CBD782CB1A5C379900595915 /* CatHuntTests.xctest */ = {isa = PBXFileReference; explicitFileType = wrapper.cfbundle; includeInIndex = 0; path = CatHuntTests.xctest; sourceTree = BUILT_PRODUCTS_DIR; };
		CBD782D01A5C379900595915 /* Info.plist */ = {isa = PBXFileReference; lastKnownFileType = text.plist.xml; path = Info.plist; sourceTree = "<group>"; };
		CBD782D11A5C379900595915 /* CatHuntTests.m */ = {isa = PBXFileReference; lastKnownFileType = sourcecode.c.objc; path = CatHuntTests.m; sourceTree = "<group>"; };
		CBD782DB1A5C41FA00595915 /* Social.framework */ = {isa = PBXFileReference; lastKnownFileType = wrapper.framework; name = Social.framework; path = System/Library/Frameworks/Social.framework; sourceTree = SDKROOT; };
		CBD782DD1A5C424700595915 /* CHTwitterAPIClient.h */ = {isa = PBXFileReference; fileEncoding = 4; lastKnownFileType = sourcecode.c.h; name = CHTwitterAPIClient.h; path = APIClients/CHTwitterAPIClient.h; sourceTree = "<group>"; };
		CBD782DE1A5C424700595915 /* CHTwitterAPIClient.m */ = {isa = PBXFileReference; fileEncoding = 4; lastKnownFileType = sourcecode.c.objc; name = CHTwitterAPIClient.m; path = APIClients/CHTwitterAPIClient.m; sourceTree = "<group>"; };
/* End PBXFileReference section */

/* Begin PBXFrameworksBuildPhase section */
		CBD782AF1A5C379800595915 /* Frameworks */ = {
			isa = PBXFrameworksBuildPhase;
			buildActionMask = 2147483647;
			files = (
				CB43F9C61A5C48E100ECDDF9 /* Accounts.framework in Frameworks */,
				CBD782DC1A5C41FA00595915 /* Social.framework in Frameworks */,
				2E9F2DF17A879281D412F252 /* libPods-CatHunt.a in Frameworks */,
			);
			runOnlyForDeploymentPostprocessing = 0;
		};
		CBD782C81A5C379900595915 /* Frameworks */ = {
			isa = PBXFrameworksBuildPhase;
			buildActionMask = 2147483647;
			files = (
			);
			runOnlyForDeploymentPostprocessing = 0;
		};
/* End PBXFrameworksBuildPhase section */

/* Begin PBXGroup section */
		5926EAB13E07BDBA7F11E281 /* Pods */ = {
			isa = PBXGroup;
			children = (
				8F451B04806C971D2EE75149 /* Pods-CatHunt.debug.xcconfig */,
				4E1ACDBE7B3E936C20C3DA4B /* Pods-CatHunt.release.xcconfig */,
			);
			name = Pods;
			sourceTree = "<group>";
		};
		CB0682F01A5D894A00AFFC21 /* DataSources */ = {
			isa = PBXGroup;
			children = (
				CB0682F11A5D89F600AFFC21 /* CHSearchTweetsDataSource.h */,
				CB0682F21A5D89F600AFFC21 /* CHSearchTweetsDataSource.m */,
			);
			name = DataSources;
			sourceTree = "<group>";
		};
		CB43F9D31A5D593100ECDDF9 /* ViewControllers */ = {
			isa = PBXGroup;
			children = (
				CB43F9D51A5D597500ECDDF9 /* CHPhotoCollectionViewController.h */,
				CB43F9D61A5D597500ECDDF9 /* CHPhotoCollectionViewController.m */,
			);
			name = ViewControllers;
			sourceTree = "<group>";
		};
		CB43F9D41A5D594000ECDDF9 /* Models */ = {
			isa = PBXGroup;
			children = (
				CB43F9D81A5D5FE800ECDDF9 /* CHTweetModel.h */,
				CB43F9D91A5D5FE800ECDDF9 /* CHTweetModel.m */,
				CB43F9DB1A5D658F00ECDDF9 /* CHEntitiesModel.h */,
				CB43F9DC1A5D658F00ECDDF9 /* CHEntitiesModel.m */,
				CB43F9DE1A5D7DC000ECDDF9 /* CHMediaModel.h */,
				CB43F9DF1A5D7DC000ECDDF9 /* CHMediaModel.m */,
				CB43F9E11A5D7F2700ECDDF9 /* CHSizesModel.h */,
				CB43F9E21A5D7F2700ECDDF9 /* CHSizesModel.m */,
				CB43F9E41A5D808100ECDDF9 /* CHSizeModel.h */,
				CB43F9E51A5D808100ECDDF9 /* CHSizeModel.m */,
			);
			name = Models;
			sourceTree = "<group>";
		};
		CB749F5A1A5DA8B9007FFF61 /* Views */ = {
			isa = PBXGroup;
			children = (
				CB749F5B1A5DA8E1007FFF61 /* CHPhotoCollectionViewCell.h */,
				CB749F5C1A5DA8E1007FFF61 /* CHPhotoCollectionViewCell.m */,
			);
			name = Views;
			sourceTree = "<group>";
		};
		CBD782A91A5C379800595915 = {
			isa = PBXGroup;
			children = (
				CBD782B41A5C379800595915 /* CatHunt */,
				CBD782CE1A5C379900595915 /* CatHuntTests */,
				CBD782B31A5C379800595915 /* Products */,
				5926EAB13E07BDBA7F11E281 /* Pods */,
				FE7125DEC4684B9F02501F17 /* Frameworks */,
			);
			sourceTree = "<group>";
		};
		CBD782B31A5C379800595915 /* Products */ = {
			isa = PBXGroup;
			children = (
				CBD782B21A5C379800595915 /* CatHunt.app */,
				CBD782CB1A5C379900595915 /* CatHuntTests.xctest */,
			);
			name = Products;
			sourceTree = "<group>";
		};
		CBD782B41A5C379800595915 /* CatHunt */ = {
			isa = PBXGroup;
			children = (
				CBD782B91A5C379800595915 /* AppDelegate.h */,
				CBD782BA1A5C379800595915 /* AppDelegate.m */,
				CB749F5A1A5DA8B9007FFF61 /* Views */,
				CB43F9D31A5D593100ECDDF9 /* ViewControllers */,
				CB0682F01A5D894A00AFFC21 /* DataSources */,
				CB43F9D41A5D594000ECDDF9 /* Models */,
				CBD782E11A5C44DB00595915 /* APIClients */,
				CBD782E21A5C452000595915 /* Utilities */,
				CBD782C21A5C379800595915 /* Images.xcassets */,
				CBD782C41A5C379800595915 /* LaunchScreen.xib */,
				CBD782BF1A5C379800595915 /* Main.storyboard */,
				CBD782E01A5C44C300595915 /* Models */,
				CBD782B51A5C379800595915 /* Supporting Files */,
			);
			path = CatHunt;
			sourceTree = "<group>";
		};
		CBD782B51A5C379800595915 /* Supporting Files */ = {
			isa = PBXGroup;
			children = (
				CBD782B61A5C379800595915 /* Info.plist */,
				CBD782B71A5C379800595915 /* main.m */,
			);
			name = "Supporting Files";
			sourceTree = "<group>";
		};
		CBD782CE1A5C379900595915 /* CatHuntTests */ = {
			isa = PBXGroup;
			children = (
				CBD782D11A5C379900595915 /* CatHuntTests.m */,
				CBD782CF1A5C379900595915 /* Supporting Files */,
			);
			path = CatHuntTests;
			sourceTree = "<group>";
		};
		CBD782CF1A5C379900595915 /* Supporting Files */ = {
			isa = PBXGroup;
			children = (
				CBD782D01A5C379900595915 /* Info.plist */,
			);
			name = "Supporting Files";
			sourceTree = "<group>";
		};
		CBD782E01A5C44C300595915 /* Models */ = {
			isa = PBXGroup;
			children = (
			);
			name = Models;
			sourceTree = "<group>";
		};
		CBD782E11A5C44DB00595915 /* APIClients */ = {
			isa = PBXGroup;
			children = (
				CBD782DD1A5C424700595915 /* CHTwitterAPIClient.h */,
				CBD782DE1A5C424700595915 /* CHTwitterAPIClient.m */,
			);
			name = APIClients;
			sourceTree = "<group>";
		};
		CBD782E21A5C452000595915 /* Utilities */ = {
			isa = PBXGroup;
			children = (
				CB43F9C21A5C483500ECDDF9 /* CHTwitterAccountStore.h */,
				CB43F9C31A5C483500ECDDF9 /* CHTwitterAccountStore.m */,
				CB43F9D01A5C590600ECDDF9 /* NSMutableDictionary+CHTwitterAPIParameters.h */,
				CB43F9D11A5C590600ECDDF9 /* NSMutableDictionary+CHTwitterAPIParameters.m */,
			);
			name = Utilities;
			sourceTree = "<group>";
		};
		FE7125DEC4684B9F02501F17 /* Frameworks */ = {
			isa = PBXGroup;
			children = (
				CB43F9C51A5C48E100ECDDF9 /* Accounts.framework */,
				CBD782DB1A5C41FA00595915 /* Social.framework */,
				672D937C47CB290A23D63C27 /* libPods-CatHunt.a */,
			);
			name = Frameworks;
			sourceTree = "<group>";
		};
/* End PBXGroup section */

/* Begin PBXNativeTarget section */
		CBD782B11A5C379800595915 /* CatHunt */ = {
			isa = PBXNativeTarget;
			buildConfigurationList = CBD782D51A5C379900595915 /* Build configuration list for PBXNativeTarget "CatHunt" */;
			buildPhases = (
				600E7DA996A696795C8ABA57 /* Check Pods Manifest.lock */,
				CBD782AE1A5C379800595915 /* Sources */,
				CBD782AF1A5C379800595915 /* Frameworks */,
				CBD782B01A5C379800595915 /* Resources */,
				E537A6876476A0AD6570F928 /* Copy Pods Resources */,
			);
			buildRules = (
			);
			dependencies = (
			);
			name = CatHunt;
			productName = CatHunt;
			productReference = CBD782B21A5C379800595915 /* CatHunt.app */;
			productType = "com.apple.product-type.application";
		};
		CBD782CA1A5C379900595915 /* CatHuntTests */ = {
			isa = PBXNativeTarget;
			buildConfigurationList = CBD782D81A5C379900595915 /* Build configuration list for PBXNativeTarget "CatHuntTests" */;
			buildPhases = (
				CBD782C71A5C379900595915 /* Sources */,
				CBD782C81A5C379900595915 /* Frameworks */,
				CBD782C91A5C379900595915 /* Resources */,
			);
			buildRules = (
			);
			dependencies = (
				CBD782CD1A5C379900595915 /* PBXTargetDependency */,
			);
			name = CatHuntTests;
			productName = CatHuntTests;
			productReference = CBD782CB1A5C379900595915 /* CatHuntTests.xctest */;
			productType = "com.apple.product-type.bundle.unit-test";
		};
/* End PBXNativeTarget section */

/* Begin PBXProject section */
		CBD782AA1A5C379800595915 /* Project object */ = {
			isa = PBXProject;
			attributes = {
				CLASSPREFIX = CH;
				LastUpgradeCheck = 0610;
				ORGANIZATIONNAME = shoby;
				TargetAttributes = {
					CBD782B11A5C379800595915 = {
						CreatedOnToolsVersion = 6.1.1;
					};
					CBD782CA1A5C379900595915 = {
						CreatedOnToolsVersion = 6.1.1;
						TestTargetID = CBD782B11A5C379800595915;
					};
				};
			};
			buildConfigurationList = CBD782AD1A5C379800595915 /* Build configuration list for PBXProject "CatHunt" */;
			compatibilityVersion = "Xcode 3.2";
			developmentRegion = English;
			hasScannedForEncodings = 0;
			knownRegions = (
				en,
				Base,
			);
			mainGroup = CBD782A91A5C379800595915;
			productRefGroup = CBD782B31A5C379800595915 /* Products */;
			projectDirPath = "";
			projectRoot = "";
			targets = (
				CBD782B11A5C379800595915 /* CatHunt */,
				CBD782CA1A5C379900595915 /* CatHuntTests */,
			);
		};
/* End PBXProject section */

/* Begin PBXResourcesBuildPhase section */
		CBD782B01A5C379800595915 /* Resources */ = {
			isa = PBXResourcesBuildPhase;
			buildActionMask = 2147483647;
			files = (
				CBD782C11A5C379800595915 /* Main.storyboard in Resources */,
				CBD782C61A5C379800595915 /* LaunchScreen.xib in Resources */,
				CBD782C31A5C379800595915 /* Images.xcassets in Resources */,
			);
			runOnlyForDeploymentPostprocessing = 0;
		};
		CBD782C91A5C379900595915 /* Resources */ = {
			isa = PBXResourcesBuildPhase;
			buildActionMask = 2147483647;
			files = (
			);
			runOnlyForDeploymentPostprocessing = 0;
		};
/* End PBXResourcesBuildPhase section */

/* Begin PBXShellScriptBuildPhase section */
		600E7DA996A696795C8ABA57 /* Check Pods Manifest.lock */ = {
			isa = PBXShellScriptBuildPhase;
			buildActionMask = 2147483647;
			files = (
			);
			inputPaths = (
			);
			name = "Check Pods Manifest.lock";
			outputPaths = (
			);
			runOnlyForDeploymentPostprocessing = 0;
			shellPath = /bin/sh;
			shellScript = "diff \"${PODS_ROOT}/../Podfile.lock\" \"${PODS_ROOT}/Manifest.lock\" > /dev/null\nif [[ $? != 0 ]] ; then\n    cat << EOM\nerror: The sandbox is not in sync with the Podfile.lock. Run 'pod install' or update your CocoaPods installation.\nEOM\n    exit 1\nfi\n";
			showEnvVarsInLog = 0;
		};
		E537A6876476A0AD6570F928 /* Copy Pods Resources */ = {
			isa = PBXShellScriptBuildPhase;
			buildActionMask = 2147483647;
			files = (
			);
			inputPaths = (
			);
			name = "Copy Pods Resources";
			outputPaths = (
			);
			runOnlyForDeploymentPostprocessing = 0;
			shellPath = /bin/sh;
			shellScript = "\"${SRCROOT}/Pods/Target Support Files/Pods-CatHunt/Pods-CatHunt-resources.sh\"\n";
			showEnvVarsInLog = 0;
		};
/* End PBXShellScriptBuildPhase section */

/* Begin PBXSourcesBuildPhase section */
		CBD782AE1A5C379800595915 /* Sources */ = {
			isa = PBXSourcesBuildPhase;
			buildActionMask = 2147483647;
			files = (
				CB43F9C41A5C483500ECDDF9 /* CHTwitterAccountStore.m in Sources */,
				CB43F9E31A5D7F2700ECDDF9 /* CHSizesModel.m in Sources */,
				CB749F5D1A5DA8E1007FFF61 /* CHPhotoCollectionViewCell.m in Sources */,
				CB43F9E61A5D808100ECDDF9 /* CHSizeModel.m in Sources */,
				CB43F9DA1A5D5FE800ECDDF9 /* CHTweetModel.m in Sources */,
				CBD782BB1A5C379800595915 /* AppDelegate.m in Sources */,
				CB0682F31A5D89F600AFFC21 /* CHSearchTweetsDataSource.m in Sources */,
				CB43F9D71A5D597500ECDDF9 /* CHPhotoCollectionViewController.m in Sources */,
				CBD782B81A5C379800595915 /* main.m in Sources */,
				CB43F9DD1A5D658F00ECDDF9 /* CHEntitiesModel.m in Sources */,
				CB43F9E01A5D7DC000ECDDF9 /* CHMediaModel.m in Sources */,
				CBD782DF1A5C424700595915 /* CHTwitterAPIClient.m in Sources */,
				CB43F9D21A5C590600ECDDF9 /* NSMutableDictionary+CHTwitterAPIParameters.m in Sources */,
			);
			runOnlyForDeploymentPostprocessing = 0;
		};
		CBD782C71A5C379900595915 /* Sources */ = {
			isa = PBXSourcesBuildPhase;
			buildActionMask = 2147483647;
			files = (
				CBD782D21A5C379900595915 /* CatHuntTests.m in Sources */,
			);
			runOnlyForDeploymentPostprocessing = 0;
		};
/* End PBXSourcesBuildPhase section */

/* Begin PBXTargetDependency section */
		CBD782CD1A5C379900595915 /* PBXTargetDependency */ = {
			isa = PBXTargetDependency;
			target = CBD782B11A5C379800595915 /* CatHunt */;
			targetProxy = CBD782CC1A5C379900595915 /* PBXContainerItemProxy */;
		};
/* End PBXTargetDependency section */

/* Begin PBXVariantGroup section */
		CBD782BF1A5C379800595915 /* Main.storyboard */ = {
			isa = PBXVariantGroup;
			children = (
				CBD782C01A5C379800595915 /* Base */,
			);
			name = Main.storyboard;
			sourceTree = "<group>";
		};
		CBD782C41A5C379800595915 /* LaunchScreen.xib */ = {
			isa = PBXVariantGroup;
			children = (
				CBD782C51A5C379800595915 /* Base */,
			);
			name = LaunchScreen.xib;
			sourceTree = "<group>";
		};
/* End PBXVariantGroup section */

/* Begin XCBuildConfiguration section */
		CBD782D31A5C379900595915 /* Debug */ = {
			isa = XCBuildConfiguration;
			buildSettings = {
				ALWAYS_SEARCH_USER_PATHS = NO;
				CLANG_CXX_LANGUAGE_STANDARD = "gnu++0x";
				CLANG_CXX_LIBRARY = "libc++";
				CLANG_ENABLE_MODULES = YES;
				CLANG_ENABLE_OBJC_ARC = YES;
				CLANG_WARN_BOOL_CONVERSION = YES;
				CLANG_WARN_CONSTANT_CONVERSION = YES;
				CLANG_WARN_DIRECT_OBJC_ISA_USAGE = YES_ERROR;
				CLANG_WARN_EMPTY_BODY = YES;
				CLANG_WARN_ENUM_CONVERSION = YES;
				CLANG_WARN_INT_CONVERSION = YES;
				CLANG_WARN_OBJC_ROOT_CLASS = YES_ERROR;
				CLANG_WARN_UNREACHABLE_CODE = YES;
				CLANG_WARN__DUPLICATE_METHOD_MATCH = YES;
				"CODE_SIGN_IDENTITY[sdk=iphoneos*]" = "iPhone Developer";
				COPY_PHASE_STRIP = NO;
				ENABLE_STRICT_OBJC_MSGSEND = YES;
				GCC_C_LANGUAGE_STANDARD = gnu99;
				GCC_DYNAMIC_NO_PIC = NO;
				GCC_OPTIMIZATION_LEVEL = 0;
				GCC_PREPROCESSOR_DEFINITIONS = (
					"DEBUG=1",
					"$(inherited)",
				);
				GCC_SYMBOLS_PRIVATE_EXTERN = NO;
				GCC_WARN_64_TO_32_BIT_CONVERSION = YES;
				GCC_WARN_ABOUT_RETURN_TYPE = YES_ERROR;
				GCC_WARN_UNDECLARED_SELECTOR = YES;
				GCC_WARN_UNINITIALIZED_AUTOS = YES_AGGRESSIVE;
				GCC_WARN_UNUSED_FUNCTION = YES;
				GCC_WARN_UNUSED_VARIABLE = YES;
				IPHONEOS_DEPLOYMENT_TARGET = 8.1;
				MTL_ENABLE_DEBUG_INFO = YES;
				ONLY_ACTIVE_ARCH = YES;
				SDKROOT = iphoneos;
			};
			name = Debug;
		};
		CBD782D41A5C379900595915 /* Release */ = {
			isa = XCBuildConfiguration;
			buildSettings = {
				ALWAYS_SEARCH_USER_PATHS = NO;
				CLANG_CXX_LANGUAGE_STANDARD = "gnu++0x";
				CLANG_CXX_LIBRARY = "libc++";
				CLANG_ENABLE_MODULES = YES;
				CLANG_ENABLE_OBJC_ARC = YES;
				CLANG_WARN_BOOL_CONVERSION = YES;
				CLANG_WARN_CONSTANT_CONVERSION = YES;
				CLANG_WARN_DIRECT_OBJC_ISA_USAGE = YES_ERROR;
				CLANG_WARN_EMPTY_BODY = YES;
				CLANG_WARN_ENUM_CONVERSION = YES;
				CLANG_WARN_INT_CONVERSION = YES;
				CLANG_WARN_OBJC_ROOT_CLASS = YES_ERROR;
				CLANG_WARN_UNREACHABLE_CODE = YES;
				CLANG_WARN__DUPLICATE_METHOD_MATCH = YES;
				"CODE_SIGN_IDENTITY[sdk=iphoneos*]" = "iPhone Developer";
				COPY_PHASE_STRIP = YES;
				ENABLE_NS_ASSERTIONS = NO;
				ENABLE_STRICT_OBJC_MSGSEND = YES;
				GCC_C_LANGUAGE_STANDARD = gnu99;
				GCC_WARN_64_TO_32_BIT_CONVERSION = YES;
				GCC_WARN_ABOUT_RETURN_TYPE = YES_ERROR;
				GCC_WARN_UNDECLARED_SELECTOR = YES;
				GCC_WARN_UNINITIALIZED_AUTOS = YES_AGGRESSIVE;
				GCC_WARN_UNUSED_FUNCTION = YES;
				GCC_WARN_UNUSED_VARIABLE = YES;
				IPHONEOS_DEPLOYMENT_TARGET = 8.1;
				MTL_ENABLE_DEBUG_INFO = NO;
				SDKROOT = iphoneos;
				VALIDATE_PRODUCT = YES;
			};
			name = Release;
		};
		CBD782D61A5C379900595915 /* Debug */ = {
			isa = XCBuildConfiguration;
			baseConfigurationReference = 8F451B04806C971D2EE75149 /* Pods-CatHunt.debug.xcconfig */;
			buildSettings = {
				ASSETCATALOG_COMPILER_APPICON_NAME = AppIcon;
				INFOPLIST_FILE = CatHunt/Info.plist;
				LD_RUNPATH_SEARCH_PATHS = "$(inherited) @executable_path/Frameworks";
				PRODUCT_NAME = "$(TARGET_NAME)";
			};
			name = Debug;
		};
		CBD782D71A5C379900595915 /* Release */ = {
			isa = XCBuildConfiguration;
			baseConfigurationReference = 4E1ACDBE7B3E936C20C3DA4B /* Pods-CatHunt.release.xcconfig */;
			buildSettings = {
				ASSETCATALOG_COMPILER_APPICON_NAME = AppIcon;
				INFOPLIST_FILE = CatHunt/Info.plist;
				LD_RUNPATH_SEARCH_PATHS = "$(inherited) @executable_path/Frameworks";
				PRODUCT_NAME = "$(TARGET_NAME)";
			};
			name = Release;
		};
		CBD782D91A5C379900595915 /* Debug */ = {
			isa = XCBuildConfiguration;
			buildSettings = {
				BUNDLE_LOADER = "$(TEST_HOST)";
				FRAMEWORK_SEARCH_PATHS = (
					"$(SDKROOT)/Developer/Library/Frameworks",
					"$(inherited)",
				);
				GCC_PREPROCESSOR_DEFINITIONS = (
					"DEBUG=1",
					"$(inherited)",
				);
				INFOPLIST_FILE = CatHuntTests/Info.plist;
				LD_RUNPATH_SEARCH_PATHS = "$(inherited) @executable_path/Frameworks @loader_path/Frameworks";
				PRODUCT_NAME = "$(TARGET_NAME)";
				TEST_HOST = "$(BUILT_PRODUCTS_DIR)/CatHunt.app/CatHunt";
			};
			name = Debug;
		};
		CBD782DA1A5C379900595915 /* Release */ = {
			isa = XCBuildConfiguration;
			buildSettings = {
				BUNDLE_LOADER = "$(TEST_HOST)";
				FRAMEWORK_SEARCH_PATHS = (
					"$(SDKROOT)/Developer/Library/Frameworks",
					"$(inherited)",
				);
				INFOPLIST_FILE = CatHuntTests/Info.plist;
				LD_RUNPATH_SEARCH_PATHS = "$(inherited) @executable_path/Frameworks @loader_path/Frameworks";
				PRODUCT_NAME = "$(TARGET_NAME)";
				TEST_HOST = "$(BUILT_PRODUCTS_DIR)/CatHunt.app/CatHunt";
			};
			name = Release;
		};
/* End XCBuildConfiguration section */

/* Begin XCConfigurationList section */
		CBD782AD1A5C379800595915 /* Build configuration list for PBXProject "CatHunt" */ = {
			isa = XCConfigurationList;
			buildConfigurations = (
				CBD782D31A5C379900595915 /* Debug */,
				CBD782D41A5C379900595915 /* Release */,
			);
			defaultConfigurationIsVisible = 0;
			defaultConfigurationName = Release;
		};
		CBD782D51A5C379900595915 /* Build configuration list for PBXNativeTarget "CatHunt" */ = {
			isa = XCConfigurationList;
			buildConfigurations = (
				CBD782D61A5C379900595915 /* Debug */,
				CBD782D71A5C379900595915 /* Release */,
			);
			defaultConfigurationIsVisible = 0;
			defaultConfigurationName = Release;
		};
		CBD782D81A5C379900595915 /* Build configuration list for PBXNativeTarget "CatHuntTests" */ = {
			isa = XCConfigurationList;
			buildConfigurations = (
				CBD782D91A5C379900595915 /* Debug */,
				CBD782DA1A5C379900595915 /* Release */,
			);
			defaultConfigurationIsVisible = 0;
			defaultConfigurationName = Release;
		};
/* End XCConfigurationList section */
	};
	rootObject = CBD782AA1A5C379800595915 /* Project object */;
}
